
Microsoft Visual Studio Solution File, Format Version 12.00
# Visual Studio Version 17
VisualStudioVersion = 17.9.34701.34
MinimumVisualStudioVersion = 10.0.40219.1
Project("{FAE04EC0-301F-11D3-BF4B-00C04F79EFBC}") = "Dalverseny", "Dalverseny\Dalverseny.csproj", "{AE8D4DAE-6E72-4281-8794-8C9D3FFF4EEC}"
EndProject
Global
	GlobalSection(SolutionConfigurationPlatforms) = preSolution
		Debug|Any CPU = Debug|Any CPU
		Release|Any CPU = Release|Any CPU
	EndGlobalSection
	GlobalSection(ProjectConfigurationPlatforms) = postSolution
		{AE8D4DAE-6E72-4281-8794-8C9D3FFF4EEC}.Debug|Any CPU.ActiveCfg = Debug|Any CPU
		{AE8D4DAE-6E72-4281-8794-8C9D3FFF4EEC}.Debug|Any CPU.Build.0 = Debug|Any CPU
		{AE8D4DAE-6E72-4281-8794-8C9D3FFF4EEC}.Release|Any CPU.ActiveCfg = Release|Any CPU
		{AE8D4DAE-6E72-4281-8794-8C9D3FFF4EEC}.Release|Any CPU.Build.0 = Release|Any CPU
	EndGlobalSection
	GlobalSection(SolutionProperties) = preSolution
		HideSolutionNode = FALSE
	EndGlobalSection
	GlobalSection(ExtensibilityGlobals) = postSolution
		SolutionGuid = {B5506842-04A9-4682-B01E-3443CADE9B19}
	EndGlobalSection
EndGlobal
